// !$*UTF8*$!
{
	archiveVersion = 1;
	classes = {
	};
	objectVersion = 46;
	objects = {

/* Begin PBXBuildFile section */
		A12359151D8EDA6F00E78980 /* main.m in Sources */ = {isa = PBXBuildFile; fileRef = A12359141D8EDA6F00E78980 /* main.m */; };
		A12359181D8EDA6F00E78980 /* AppDelegate.m in Sources */ = {isa = PBXBuildFile; fileRef = A12359171D8EDA6F00E78980 /* AppDelegate.m */; };
		A123591B1D8EDA6F00E78980 /* ViewController.m in Sources */ = {isa = PBXBuildFile; fileRef = A123591A1D8EDA6F00E78980 /* ViewController.m */; };
		A123591E1D8EDA6F00E78980 /* Main.storyboard in Resources */ = {isa = PBXBuildFile; fileRef = A123591C1D8EDA6F00E78980 /* Main.storyboard */; };
		A12359201D8EDA6F00E78980 /* Assets.xcassets in Resources */ = {isa = PBXBuildFile; fileRef = A123591F1D8EDA6F00E78980 /* Assets.xcassets */; };
		A12359231D8EDA6F00E78980 /* LaunchScreen.storyboard in Resources */ = {isa = PBXBuildFile; fileRef = A12359211D8EDA6F00E78980 /* LaunchScreen.storyboard */; };
		A12359311D8EDA9300E78980 /* NSObject+KVOBlock.m in Sources */ = {isa = PBXBuildFile; fileRef = A123592C1D8EDA9300E78980 /* NSObject+KVOBlock.m */; };
		A12359321D8EDA9300E78980 /* UITableView+LoadMore.m in Sources */ = {isa = PBXBuildFile; fileRef = A123592E1D8EDA9300E78980 /* UITableView+LoadMore.m */; };
		A12359331D8EDA9300E78980 /* UITableView+Refresh.m in Sources */ = {isa = PBXBuildFile; fileRef = A12359301D8EDA9300E78980 /* UITableView+Refresh.m */; };
/* End PBXBuildFile section */

/* Begin PBXFileReference section */
		A12359101D8EDA6F00E78980 /* TableViewDemo.app */ = {isa = PBXFileReference; explicitFileType = wrapper.application; includeInIndex = 0; path = TableViewDemo.app; sourceTree = BUILT_PRODUCTS_DIR; };
		A12359141D8EDA6F00E78980 /* main.m */ = {isa = PBXFileReference; lastKnownFileType = sourcecode.c.objc; path = main.m; sourceTree = "<group>"; };
		A12359161D8EDA6F00E78980 /* AppDelegate.h */ = {isa = PBXFileReference; lastKnownFileType = sourcecode.c.h; path = AppDelegate.h; sourceTree = "<group>"; };
		A12359171D8EDA6F00E78980 /* AppDelegate.m */ = {isa = PBXFileReference; lastKnownFileType = sourcecode.c.objc; path = AppDelegate.m; sourceTree = "<group>"; };
		A12359191D8EDA6F00E78980 /* ViewController.h */ = {isa = PBXFileReference; lastKnownFileType = sourcecode.c.h; path = ViewController.h; sourceTree = "<group>"; };
		A123591A1D8EDA6F00E78980 /* ViewController.m */ = {isa = PBXFileReference; lastKnownFileType = sourcecode.c.objc; path = ViewController.m; sourceTree = "<group>"; };
		A123591D1D8EDA6F00E78980 /* Base */ = {isa = PBXFileReference; lastKnownFileType = file.storyboard; name = Base; path = Base.lproj/Main.storyboard; sourceTree = "<group>"; };
		A123591F1D8EDA6F00E78980 /* Assets.xcassets */ = {isa = PBXFileReference; lastKnownFileType = folder.assetcatalog; path = Assets.xcassets; sourceTree = "<group>"; };
		A12359221D8EDA6F00E78980 /* Base */ = {isa = PBXFileReference; lastKnownFileType = file.storyboard; name = Base; path = Base.lproj/LaunchScreen.storyboard; sourceTree = "<group>"; };
		A12359241D8EDA6F00E78980 /* Info.plist */ = {isa = PBXFileReference; lastKnownFileType = text.plist.xml; path = Info.plist; sourceTree = "<group>"; };
		A123592B1D8EDA9300E78980 /* NSObject+KVOBlock.h */ = {isa = PBXFileReference; fileEncoding = 4; lastKnownFileType = sourcecode.c.h; path = "NSObject+KVOBlock.h"; sourceTree = "<group>"; };
		A123592C1D8EDA9300E78980 /* NSObject+KVOBlock.m */ = {isa = PBXFileReference; fileEncoding = 4; lastKnownFileType = sourcecode.c.objc; path = "NSObject+KVOBlock.m"; sourceTree = "<group>"; };
		A123592D1D8EDA9300E78980 /* UITableView+LoadMore.h */ = {isa = PBXFileReference; fileEncoding = 4; lastKnownFileType = sourcecode.c.h; path = "UITableView+LoadMore.h"; sourceTree = "<group>"; };
		A123592E1D8EDA9300E78980 /* UITableView+LoadMore.m */ = {isa = PBXFileReference; fileEncoding = 4; lastKnownFileType = sourcecode.c.objc; path = "UITableView+LoadMore.m"; sourceTree = "<group>"; };
		A123592F1D8EDA9300E78980 /* UITableView+Refresh.h */ = {isa = PBXFileReference; fileEncoding = 4; lastKnownFileType = sourcecode.c.h; path = "UITableView+Refresh.h"; sourceTree = "<group>"; };
		A12359301D8EDA9300E78980 /* UITableView+Refresh.m */ = {isa = PBXFileReference; fileEncoding = 4; lastKnownFileType = sourcecode.c.objc; path = "UITableView+Refresh.m"; sourceTree = "<group>"; };
/* End PBXFileReference section */

/* Begin PBXFrameworksBuildPhase section */
		A123590D1D8EDA6F00E78980 /* Frameworks */ = {
			isa = PBXFrameworksBuildPhase;
			buildActionMask = 2147483647;
			files = (
			);
			runOnlyForDeploymentPostprocessing = 0;
		};
/* End PBXFrameworksBuildPhase section */

/* Begin PBXGroup section */
		A12359071D8EDA6F00E78980 = {
			isa = PBXGroup;
			children = (
				A12359121D8EDA6F00E78980 /* TableViewDemo */,
				A12359111D8EDA6F00E78980 /* Products */,
			);
			sourceTree = "<group>";
		};
		A12359111D8EDA6F00E78980 /* Products */ = {
			isa = PBXGroup;
			children = (
				A12359101D8EDA6F00E78980 /* TableViewDemo.app */,
			);
			name = Products;
			sourceTree = "<group>";
		};
		A12359121D8EDA6F00E78980 /* TableViewDemo */ = {
			isa = PBXGroup;
			children = (
				A123592A1D8EDA8000E78980 /* Categroy */,
				A12359161D8EDA6F00E78980 /* AppDelegate.h */,
				A12359171D8EDA6F00E78980 /* AppDelegate.m */,
				A12359191D8EDA6F00E78980 /* ViewController.h */,
				A123591A1D8EDA6F00E78980 /* ViewController.m */,
				A123591C1D8EDA6F00E78980 /* Main.storyboard */,
				A123591F1D8EDA6F00E78980 /* Assets.xcassets */,
				A12359211D8EDA6F00E78980 /* LaunchScreen.storyboard */,
				A12359241D8EDA6F00E78980 /* Info.plist */,
				A12359131D8EDA6F00E78980 /* Supporting Files */,
			);
			path = TableViewDemo;
			sourceTree = "<group>";
		};
		A12359131D8EDA6F00E78980 /* Supporting Files */ = {
			isa = PBXGroup;
			children = (
				A12359141D8EDA6F00E78980 /* main.m */,
			);
			name = "Supporting Files";
			sourceTree = "<group>";
		};
		A123592A1D8EDA8000E78980 /* Categroy */ = {
			isa = PBXGroup;
			children = (
				A123592B1D8EDA9300E78980 /* NSObject+KVOBlock.h */,
				A123592C1D8EDA9300E78980 /* NSObject+KVOBlock.m */,
				A123592D1D8EDA9300E78980 /* UITableView+LoadMore.h */,
				A123592E1D8EDA9300E78980 /* UITableView+LoadMore.m */,
				A123592F1D8EDA9300E78980 /* UITableView+Refresh.h */,
				A12359301D8EDA9300E78980 /* UITableView+Refresh.m */,
			);
			name = Categroy;
			sourceTree = "<group>";
		};
/* End PBXGroup section */

/* Begin PBXNativeTarget section */
		A123590F1D8EDA6F00E78980 /* TableViewDemo */ = {
			isa = PBXNativeTarget;
			buildConfigurationList = A12359271D8EDA6F00E78980 /* Build configuration list for PBXNativeTarget "TableViewDemo" */;
			buildPhases = (
				A123590C1D8EDA6F00E78980 /* Sources */,
				A123590D1D8EDA6F00E78980 /* Frameworks */,
				A123590E1D8EDA6F00E78980 /* Resources */,
			);
			buildRules = (
			);
			dependencies = (
			);
			name = TableViewDemo;
			productName = TableViewDemo;
			productReference = A12359101D8EDA6F00E78980 /* TableViewDemo.app */;
			productType = "com.apple.product-type.application";
		};
/* End PBXNativeTarget section */

/* Begin PBXProject section */
		A12359081D8EDA6F00E78980 /* Project object */ = {
			isa = PBXProject;
			attributes = {
				LastUpgradeCheck = 0730;
				ORGANIZATIONNAME = TableViewDemo;
				TargetAttributes = {
					A123590F1D8EDA6F00E78980 = {
						CreatedOnToolsVersion = 7.3.1;
					};
				};
			};
			buildConfigurationList = A123590B1D8EDA6F00E78980 /* Build configuration list for PBXProject "TableViewDemo" */;
			compatibilityVersion = "Xcode 3.2";
			developmentRegion = English;
			hasScannedForEncodings = 0;
			knownRegions = (
				en,
				Base,
			);
			mainGroup = A12359071D8EDA6F00E78980;
			productRefGroup = A12359111D8EDA6F00E78980 /* Products */;
			projectDirPath = "";
			projectRoot = "";
			targets = (
				A123590F1D8EDA6F00E78980 /* TableViewDemo */,
			);
		};
/* End PBXProject section */

/* Begin PBXResourcesBuildPhase section */
		A123590E1D8EDA6F00E78980 /* Resources */ = {
			isa = PBXResourcesBuildPhase;
			buildActionMask = 2147483647;
			files = (
				A12359231D8EDA6F00E78980 /* LaunchScreen.storyboard in Resources */,
				A12359201D8EDA6F00E78980 /* Assets.xcassets in Resources */,
				A123591E1D8EDA6F00E78980 /* Main.storyboard in Resources */,
			);
			runOnlyForDeploymentPostprocessing = 0;
		};
/* End PBXResourcesBuildPhase section */

/* Begin PBXSourcesBuildPhase section */
		A123590C1D8EDA6F00E78980 /* Sources */ = {
			isa = PBXSourcesBuildPhase;
			buildActionMask = 2147483647;
			files = (
				A12359311D8EDA9300E78980 /* NSObject+KVOBlock.m in Sources */,
				A12359321D8EDA9300E78980 /* UITableView+LoadMore.m in Sources */,
				A123591B1D8EDA6F00E78980 /* ViewController.m in Sources */,
				A12359181D8EDA6F00E78980 /* AppDelegate.m in Sources */,
				A12359151D8EDA6F00E78980 /* main.m in Sources */,
				A12359331D8EDA9300E78980 /* UITableView+Refresh.m in Sources */,
			);
			runOnlyForDeploymentPostprocessing = 0;
		};
/* End PBXSourcesBuildPhase section */

/* Begin PBXVariantGroup section */
		A123591C1D8EDA6F00E78980 /* Main.storyboard */ = {
			isa = PBXVariantGroup;
			children = (
				A123591D1D8EDA6F00E78980 /* Base */,
			);
			name = Main.storyboard;
			sourceTree = "<group>";
		};
		A12359211D8EDA6F00E78980 /* LaunchScreen.storyboard */ = {
			isa = PBXVariantGroup;
			children = (
				A12359221D8EDA6F00E78980 /* Base */,
			);
			name = LaunchScreen.storyboard;
			sourceTree = "<group>";
		};
/* End PBXVariantGroup section */

/* Begin XCBuildConfiguration section */
		A12359251D8EDA6F00E78980 /* Debug */ = {
			isa = XCBuildConfiguration;
			buildSettings = {
				ALWAYS_SEARCH_USER_PATHS = NO;
				CLANG_ANALYZER_NONNULL = YES;
				CLANG_CXX_LANGUAGE_STANDARD = "gnu++0x";
				CLANG_CXX_LIBRARY = "libc++";
				CLANG_ENABLE_MODULES = YES;
				CLANG_ENABLE_OBJC_ARC = YES;
				CLANG_WARN_BOOL_CONVERSION = YES;
				CLANG_WARN_CONSTANT_CONVERSION = YES;
				CLANG_WARN_DIRECT_OBJC_ISA_USAGE = YES_ERROR;
				CLANG_WARN_EMPTY_BODY = YES;
				CLANG_WARN_ENUM_CONVERSION = YES;
				CLANG_WARN_INT_CONVERSION = YES;
				CLANG_WARN_OBJC_ROOT_CLASS = YES_ERROR;
				CLANG_WARN_UNREACHABLE_CODE = YES;
				CLANG_WARN__DUPLICATE_METHOD_MATCH = YES;
				"CODE_SIGN_IDENTITY[sdk=iphoneos*]" = "iPhone Developer";
				COPY_PHASE_STRIP = NO;
				DEBUG_INFORMATION_FORMAT = dwarf;
				ENABLE_STRICT_OBJC_MSGSEND = YES;
				ENABLE_TESTABILITY = YES;
				GCC_C_LANGUAGE_STANDARD = gnu99;
				GCC_DYNAMIC_NO_PIC = NO;
				GCC_NO_COMMON_BLOCKS = YES;
				GCC_OPTIMIZATION_LEVEL = 0;
				GCC_PREPROCESSOR_DEFINITIONS = (
					"DEBUG=1",
					"$(inherited)",
				);
				GCC_WARN_64_TO_32_BIT_CONVERSION = YES;
				GCC_WARN_ABOUT_RETURN_TYPE = YES_ERROR;
				GCC_WARN_UNDECLARED_SELECTOR = YES;
				GCC_WARN_UNINITIALIZED_AUTOS = YES_AGGRESSIVE;
				GCC_WARN_UNUSED_FUNCTION = YES;
				GCC_WARN_UNUSED_VARIABLE = YES;
				IPHONEOS_DEPLOYMENT_TARGET = 9.3;
				MTL_ENABLE_DEBUG_INFO = YES;
				ONLY_ACTIVE_ARCH = YES;
				SDKROOT = iphoneos;
			};
			name = Debug;
		};
		A12359261D8EDA6F00E78980 /* Release */ = {
			isa = XCBuildConfiguration;
			buildSettings = {
				ALWAYS_SEARCH_USER_PATHS = NO;
				CLANG_ANALYZER_NONNULL = YES;
				CLANG_CXX_LANGUAGE_STANDARD = "gnu++0x";
				CLANG_CXX_LIBRARY = "libc++";
				CLANG_ENABLE_MODULES = YES;
				CLANG_ENABLE_OBJC_ARC = YES;
				CLANG_WARN_BOOL_CONVERSION = YES;
				CLANG_WARN_CONSTANT_CONVERSION = YES;
				CLANG_WARN_DIRECT_OBJC_ISA_USAGE = YES_ERROR;
				CLANG_WARN_EMPTY_BODY = YES;
				CLANG_WARN_ENUM_CONVERSION = YES;
				CLANG_WARN_INT_CONVERSION = YES;
				CLANG_WARN_OBJC_ROOT_CLASS = YES_ERROR;
				CLANG_WARN_UNREACHABLE_CODE = YES;
				CLANG_WARN__DUPLICATE_METHOD_MATCH = YES;
				"CODE_SIGN_IDENTITY[sdk=iphoneos*]" = "iPhone Developer";
				COPY_PHASE_STRIP = NO;
				DEBUG_INFORMATION_FORMAT = "dwarf-with-dsym";
				ENABLE_NS_ASSERTIONS = NO;
				ENABLE_STRICT_OBJC_MSGSEND = YES;
				GCC_C_LANGUAGE_STANDARD = gnu99;
				GCC_NO_COMMON_BLOCKS = YES;
				GCC_WARN_64_TO_32_BIT_CONVERSION = YES;
				GCC_WARN_ABOUT_RETURN_TYPE = YES_ERROR;
				GCC_WARN_UNDECLARED_SELECTOR = YES;
				GCC_WARN_UNINITIALIZED_AUTOS = YES_AGGRESSIVE;
				GCC_WARN_UNUSED_FUNCTION = YES;
				GCC_WARN_UNUSED_VARIABLE = YES;
				IPHONEOS_DEPLOYMENT_TARGET = 9.3;
				MTL_ENABLE_DEBUG_INFO = NO;
				SDKROOT = iphoneos;
				VALIDATE_PRODUCT = YES;
			};
			name = Release;
		};
		A12359281D8EDA6F00E78980 /* Debug */ = {
			isa = XCBuildConfiguration;
			buildSettings = {
				ASSETCATALOG_COMPILER_APPICON_NAME = AppIcon;
				INFOPLIST_FILE = TableViewDemo/Info.plist;
				LD_RUNPATH_SEARCH_PATHS = "$(inherited) @executable_path/Frameworks";
				PRODUCT_BUNDLE_IDENTIFIER = lihong.com.TableViewDemo;
				PRODUCT_NAME = "$(TARGET_NAME)";
			};
			name = Debug;
		};
		A12359291D8EDA6F00E78980 /* Release */ = {
			isa = XCBuildConfiguration;
			buildSettings = {
				ASSETCATALOG_COMPILER_APPICON_NAME = AppIcon;
				INFOPLIST_FILE = TableViewDemo/Info.plist;
				LD_RUNPATH_SEARCH_PATHS = "$(inherited) @executable_path/Frameworks";
				PRODUCT_BUNDLE_IDENTIFIER = lihong.com.TableViewDemo;
				PRODUCT_NAME = "$(TARGET_NAME)";
			};
			name = Release;
		};
/* End XCBuildConfiguration section */

/* Begin XCConfigurationList section */
		A123590B1D8EDA6F00E78980 /* Build configuration list for PBXProject "TableViewDemo" */ = {
			isa = XCConfigurationList;
			buildConfigurations = (
				A12359251D8EDA6F00E78980 /* Debug */,
				A12359261D8EDA6F00E78980 /* Release */,
			);
			defaultConfigurationIsVisible = 0;
			defaultConfigurationName = Release;
		};
		A12359271D8EDA6F00E78980 /* Build configuration list for PBXNativeTarget "TableViewDemo" */ = {
			isa = XCConfigurationList;
			buildConfigurations = (
				A12359281D8EDA6F00E78980 /* Debug */,
				A12359291D8EDA6F00E78980 /* Release */,
			);
			defaultConfigurationIsVisible = 0;
		};
/* End XCConfigurationList section */
	};
	rootObject = A12359081D8EDA6F00E78980 /* Project object */;
}
